
Microsoft Visual Studio Solution File, Format Version 12.00
# Visual Studio Version 17
VisualStudioVersion = 17.4.33122.133
MinimumVisualStudioVersion = 10.0.40219.1
Project("{FAE04EC0-301F-11D3-BF4B-00C04F79EFBC}") = "TestWindowsApp", "TestWindowsApp\TestWindowsApp.csproj", "{F2238074-F82C-4EAB-BD2D-F0FB3AFF7718}"
EndProject
Project("{FAE04EC0-301F-11D3-BF4B-00C04F79EFBC}") = "DatastractureTests", "DatastractureTests\DatastractureTests.csproj", "{1DAC0E3F-B973-46AB-9817-9F3CF0B5F989}"
EndProject
Project("{FAE04EC0-301F-11D3-BF4B-00C04F79EFBC}") = "Datastracture", "Datastracture\Datastracture.csproj", "{62F5A662-492A-4B10-B42E-C47C0BD7DEF8}"
EndProject
Project("{FAE04EC0-301F-11D3-BF4B-00C04F79EFBC}") = "DefensiveProgrammingTests", "DefensiveProgramming\DefensiveProgrammingTests.csproj", "{D36EABB4-918F-44C9-9764-88F930FFDF88}"
EndProject
Project("{9A19103F-16F7-4668-BE54-9A1E7A4F7556}") = "SetupStar", "SetupStar\SetupStar.csproj", "{33FD48BE-2419-4122-9564-A9973C7ADD42}"
EndProject
Project("{FAE04EC0-301F-11D3-BF4B-00C04F79EFBC}") = "MiscTests", "MiscTests\MiscTests.csproj", "{5232EBE4-8608-4C0A-9F58-91A111852146}"
EndProject
Project("{9A19103F-16F7-4668-BE54-9A1E7A4F7556}") = "Pdf2Tiff", "Pdf2Tiff\Pdf2Tiff.csproj", "{0526BD17-AC33-4787-BCC1-DB4F8EB6A9CF}"
EndProject
Project("{FAE04EC0-301F-11D3-BF4B-00C04F79EFBC}") = "PdfiumFunction", "PdfiumFunction\PdfiumFunction.csproj", "{17997A21-975C-402F-92B7-D169DC65FFCC}"
EndProject
Global
	GlobalSection(SolutionConfigurationPlatforms) = preSolution
		Debug|Any CPU = Debug|Any CPU
		Release|Any CPU = Release|Any CPU
	EndGlobalSection
	GlobalSection(ProjectConfigurationPlatforms) = postSolution
		{F2238074-F82C-4EAB-BD2D-F0FB3AFF7718}.Debug|Any CPU.ActiveCfg = Debug|Any CPU
		{F2238074-F82C-4EAB-BD2D-F0FB3AFF7718}.Debug|Any CPU.Build.0 = Debug|Any CPU
		{F2238074-F82C-4EAB-BD2D-F0FB3AFF7718}.Release|Any CPU.ActiveCfg = Release|Any CPU
		{F2238074-F82C-4EAB-BD2D-F0FB3AFF7718}.Release|Any CPU.Build.0 = Release|Any CPU
		{1DAC0E3F-B973-46AB-9817-9F3CF0B5F989}.Debug|Any CPU.ActiveCfg = Debug|Any CPU
		{1DAC0E3F-B973-46AB-9817-9F3CF0B5F989}.Debug|Any CPU.Build.0 = Debug|Any CPU
		{1DAC0E3F-B973-46AB-9817-9F3CF0B5F989}.Release|Any CPU.ActiveCfg = Release|Any CPU
		{1DAC0E3F-B973-46AB-9817-9F3CF0B5F989}.Release|Any CPU.Build.0 = Release|Any CPU
		{62F5A662-492A-4B10-B42E-C47C0BD7DEF8}.Debug|Any CPU.ActiveCfg = Debug|Any CPU
		{62F5A662-492A-4B10-B42E-C47C0BD7DEF8}.Debug|Any CPU.Build.0 = Debug|Any CPU
		{62F5A662-492A-4B10-B42E-C47C0BD7DEF8}.Release|Any CPU.ActiveCfg = Release|Any CPU
		{62F5A662-492A-4B10-B42E-C47C0BD7DEF8}.Release|Any CPU.Build.0 = Release|Any CPU
		{D36EABB4-918F-44C9-9764-88F930FFDF88}.Debug|Any CPU.ActiveCfg = Debug|Any CPU
		{D36EABB4-918F-44C9-9764-88F930FFDF88}.Debug|Any CPU.Build.0 = Debug|Any CPU
		{D36EABB4-918F-44C9-9764-88F930FFDF88}.Release|Any CPU.ActiveCfg = Release|Any CPU
		{D36EABB4-918F-44C9-9764-88F930FFDF88}.Release|Any CPU.Build.0 = Release|Any CPU
		{33FD48BE-2419-4122-9564-A9973C7ADD42}.Debug|Any CPU.ActiveCfg = Debug|Any CPU
		{33FD48BE-2419-4122-9564-A9973C7ADD42}.Debug|Any CPU.Build.0 = Debug|Any CPU
		{33FD48BE-2419-4122-9564-A9973C7ADD42}.Release|Any CPU.ActiveCfg = Release|Any CPU
		{33FD48BE-2419-4122-9564-A9973C7ADD42}.Release|Any CPU.Build.0 = Release|Any CPU
		{5232EBE4-8608-4C0A-9F58-91A111852146}.Debug|Any CPU.ActiveCfg = Debug|Any CPU
		{5232EBE4-8608-4C0A-9F58-91A111852146}.Debug|Any CPU.Build.0 = Debug|Any CPU
		{5232EBE4-8608-4C0A-9F58-91A111852146}.Release|Any CPU.ActiveCfg = Release|Any CPU
		{5232EBE4-8608-4C0A-9F58-91A111852146}.Release|Any CPU.Build.0 = Release|Any CPU
		{0526BD17-AC33-4787-BCC1-DB4F8EB6A9CF}.Debug|Any CPU.ActiveCfg = Debug|Any CPU
		{0526BD17-AC33-4787-BCC1-DB4F8EB6A9CF}.Debug|Any CPU.Build.0 = Debug|Any CPU
		{0526BD17-AC33-4787-BCC1-DB4F8EB6A9CF}.Release|Any CPU.ActiveCfg = Release|Any CPU
		{0526BD17-AC33-4787-BCC1-DB4F8EB6A9CF}.Release|Any CPU.Build.0 = Release|Any CPU
		{17997A21-975C-402F-92B7-D169DC65FFCC}.Debug|Any CPU.ActiveCfg = Debug|Any CPU
		{17997A21-975C-402F-92B7-D169DC65FFCC}.Debug|Any CPU.Build.0 = Debug|Any CPU
		{17997A21-975C-402F-92B7-D169DC65FFCC}.Release|Any CPU.ActiveCfg = Release|Any CPU
		{17997A21-975C-402F-92B7-D169DC65FFCC}.Release|Any CPU.Build.0 = Release|Any CPU
	EndGlobalSection
	GlobalSection(SolutionProperties) = preSolution
		HideSolutionNode = FALSE
	EndGlobalSection
	GlobalSection(ExtensibilityGlobals) = postSolution
		SolutionGuid = {4359B087-C680-41DF-9082-FF84223F7462}
	EndGlobalSection
EndGlobal
