
Microsoft Visual Studio Solution File, Format Version 12.00
# Visual Studio Version 17
VisualStudioVersion = 17.4.33122.133
MinimumVisualStudioVersion = 10.0.40219.1
Project("{FAE04EC0-301F-11D3-BF4B-00C04F79EFBC}") = "Datastracture", "..\Datastracture\Datastracture\Datastracture.csproj", "{FBF29F01-98F4-4C9D-8101-063DE7E12DD6}"
EndProject
Project("{FAE04EC0-301F-11D3-BF4B-00C04F79EFBC}") = "PriorityList", "..\PriorityList\PriorityList\PriorityList.csproj", "{88C62C63-96CD-41C1-829F-DC36DD5BEC48}"
EndProject
Global
	GlobalSection(SolutionConfigurationPlatforms) = preSolution
		Debug|Any CPU = Debug|Any CPU
		Release|Any CPU = Release|Any CPU
	EndGlobalSection
	GlobalSection(ProjectConfigurationPlatforms) = postSolution
		{FBF29F01-98F4-4C9D-8101-063DE7E12DD6}.Debug|Any CPU.ActiveCfg = Debug|Any CPU
		{FBF29F01-98F4-4C9D-8101-063DE7E12DD6}.Debug|Any CPU.Build.0 = Debug|Any CPU
		{FBF29F01-98F4-4C9D-8101-063DE7E12DD6}.Release|Any CPU.ActiveCfg = Release|Any CPU
		{FBF29F01-98F4-4C9D-8101-063DE7E12DD6}.Release|Any CPU.Build.0 = Release|Any CPU
		{88C62C63-96CD-41C1-829F-DC36DD5BEC48}.Debug|Any CPU.ActiveCfg = Debug|Any CPU
		{88C62C63-96CD-41C1-829F-DC36DD5BEC48}.Debug|Any CPU.Build.0 = Debug|Any CPU
		{88C62C63-96CD-41C1-829F-DC36DD5BEC48}.Release|Any CPU.ActiveCfg = Release|Any CPU
		{88C62C63-96CD-41C1-829F-DC36DD5BEC48}.Release|Any CPU.Build.0 = Release|Any CPU
	EndGlobalSection
	GlobalSection(SolutionProperties) = preSolution
		HideSolutionNode = FALSE
	EndGlobalSection
	GlobalSection(ExtensibilityGlobals) = postSolution
		SolutionGuid = {4359B087-C680-41DF-9082-FF84223F7462}
	EndGlobalSection
EndGlobal
